
Microsoft Visual Studio Solution File, Format Version 12.00
Project("{FAE04EC0-301F-11D3-BF4B-00C04F79EFBD}") = "Core", "Core\Core.csproj", "{03774D31-407A-4415-A976-88F31B414BA5}"
EndProject
Project("{FAE04EC0-301F-11D3-BF4B-00C04F79EFBE}") = "GameData", "GameData\GameData.csproj", "{03774D31-407A-4415-A976-88F31B414BA6}"
EndProject
Global
	GlobalSection(SolutionConfigurationPlatforms) = preSolution
		Debug|Any CPU = Debug|Any CPU
		Release|Any CPU = Release|Any CPU
	EndGlobalSection
	GlobalSection(ProjectConfigurationPlatforms) = postSolution
		{03774D31-407A-4415-A976-88F31B414BA5}.Debug|Any CPU.ActiveCfg = Debug|Any CPU
		{03774D31-407A-4415-A976-88F31B414BA5}.Debug|Any CPU.Build.0 = Debug|Any CPU
		{03774D31-407A-4415-A976-88F31B414BA6}.Debug|Any CPU.ActiveCfg = Debug|Any CPU
		{03774D31-407A-4415-A976-88F31B414BA6}.Debug|Any CPU.Build.0 = Debug|Any CPU
	EndGlobalSection
EndGlobal
